
Microsoft Visual Studio Solution File, Format Version 12.00
# Visual Studio Version 17
VisualStudioVersion = 17.5.33530.505
MinimumVisualStudioVersion = 10.0.40219.1
Project("{FAE04EC0-301F-11D3-BF4B-00C04F79EFBC}") = "OwnerPickupOnly", "OwnerPickupOnly.csproj", "{9C026B47-C970-4BD0-AED8-836FF1C77F78}"
EndProject
Global
	GlobalSection(SolutionConfigurationPlatforms) = preSolution
		Debug|Any CPU = Debug|Any CPU
		Release|Any CPU = Release|Any CPU
	EndGlobalSection
	GlobalSection(ProjectConfigurationPlatforms) = postSolution
		{9C026B47-C970-4BD0-AED8-836FF1C77F78}.Debug|Any CPU.ActiveCfg = Debug|Any CPU
		{9C026B47-C970-4BD0-AED8-836FF1C77F78}.Debug|Any CPU.Build.0 = Debug|Any CPU
		{9C026B47-C970-4BD0-AED8-836FF1C77F78}.Release|Any CPU.ActiveCfg = Release|Any CPU
		{9C026B47-C970-4BD0-AED8-836FF1C77F78}.Release|Any CPU.Build.0 = Release|Any CPU
	EndGlobalSection
	GlobalSection(SolutionProperties) = preSolution
		HideSolutionNode = FALSE
	EndGlobalSection
	GlobalSection(ExtensibilityGlobals) = postSolution
		SolutionGuid = {0EA11F8F-EB20-4E82-96B7-3A61002C4FC7}
	EndGlobalSection
EndGlobal
